
Microsoft Visual Studio Solution File, Format Version 12.00
# Visual Studio Version 16
VisualStudioVersion = 16.0.29806.167
MinimumVisualStudioVersion = 10.0.40219.1
Project("{FAE04EC0-301F-11D3-BF4B-00C04F79EFBC}") = "MyDictionary", "MyDictionary\MyDictionary.csproj", "{FC2E193E-71D7-4EA8-B57E-833142FD97EF}"
EndProject
Global
	GlobalSection(SolutionConfigurationPlatforms) = preSolution
		Debug|Any CPU = Debug|Any CPU
		Release|Any CPU = Release|Any CPU
	EndGlobalSection
	GlobalSection(ProjectConfigurationPlatforms) = postSolution
		{FC2E193E-71D7-4EA8-B57E-833142FD97EF}.Debug|Any CPU.ActiveCfg = Debug|Any CPU
		{FC2E193E-71D7-4EA8-B57E-833142FD97EF}.Debug|Any CPU.Build.0 = Debug|Any CPU
		{FC2E193E-71D7-4EA8-B57E-833142FD97EF}.Release|Any CPU.ActiveCfg = Release|Any CPU
		{FC2E193E-71D7-4EA8-B57E-833142FD97EF}.Release|Any CPU.Build.0 = Release|Any CPU
	EndGlobalSection
	GlobalSection(SolutionProperties) = preSolution
		HideSolutionNode = FALSE
	EndGlobalSection
	GlobalSection(ExtensibilityGlobals) = postSolution
		SolutionGuid = {22E339E0-E163-4F58-855B-82A40CAF5D3E}
	EndGlobalSection
EndGlobal
